
Microsoft Visual Studio Solution File, Format Version 12.00
# Visual Studio Version 17
VisualStudioVersion = 17.0.31903.59
MinimumVisualStudioVersion = 10.0.40219.1
Project("{2150E333-8FDC-42A3-9474-1A3956D46DE8}") = "src", "src", "{827E0CD3-B72D-47B6-A68D-7590B98EB39B}"
EndProject
Project("{9A19103F-16F7-4668-BE54-9A1E7A4F7556}") = "VanEngine.Core", "src\VanEngine.Core\VanEngine.Core.csproj", "{6D38D56B-33B0-424C-A24D-EA0652C8DBFE}"
EndProject
Project("{2150E333-8FDC-42A3-9474-1A3956D46DE8}") = "tests", "tests", "{0AB3BF05-4346-4AA6-1389-037BE0695223}"
EndProject
Project("{9A19103F-16F7-4668-BE54-9A1E7A4F7556}") = "VanEngine.Core.Tests", "tests\VanEngine.Core.Tests\VanEngine.Core.Tests.csproj", "{F90D07BF-91C4-4C5C-AB3E-D425537AFC52}"
EndProject
Project("{9A19103F-16F7-4668-BE54-9A1E7A4F7556}") = "VanEngine.Voice", "src\VanEngine.Voice\VanEngine.Voice.csproj", "{0BD48B4F-2FE1-4E63-A0D6-DE3E733696AC}"
EndProject
Project("{9A19103F-16F7-4668-BE54-9A1E7A4F7556}") = "VanEngine.Lyrics", "src\VanEngine.Lyrics\VanEngine.Lyrics.csproj", "{8634A2B4-5690-466F-9FF3-6A4300C0E367}"
EndProject
Project("{9A19103F-16F7-4668-BE54-9A1E7A4F7556}") = "VanEngine.Compiler", "src\VanEngine.Compiler\VanEngine.Compiler.csproj", "{E925CA9B-E6DB-4D36-BC82-2112BC2829FC}"
EndProject
Project("{9A19103F-16F7-4668-BE54-9A1E7A4F7556}") = "VanEngine.Game", "src\VanEngine.Game\VanEngine.Game.csproj", "{A932005A-E4A0-442A-9CA6-09E184391B6F}"
EndProject
Project("{9A19103F-16F7-4668-BE54-9A1E7A4F7556}") = "VanEngine.LLMGateway", "src\VanEngine.LLMGateway\VanEngine.LLMGateway.csproj", "{7F1D3B28-5E5A-4FE0-8E77-5C2E8A0C2A81}"
EndProject
Project("{9A19103F-16F7-4668-BE54-9A1E7A4F7556}") = "VanEngine.WinForms", "src\VanEngine.WinForms\VanEngine.WinForms.csproj", "{B4A2E6D7-9F3C-4A8E-BC1D-2E5F7A0B3C9D}"
	ProjectSection(ProjectDependencies) = postProject
		{0BD48B4F-2FE1-4E63-A0D6-DE3E733696AC} = {0BD48B4F-2FE1-4E63-A0D6-DE3E733696AC}
		{6D38D56B-33B0-424C-A24D-EA0652C8DBFE} = {6D38D56B-33B0-424C-A24D-EA0652C8DBFE}
		{7F1D3B28-5E5A-4FE0-8E77-5C2E8A0C2A81} = {7F1D3B28-5E5A-4FE0-8E77-5C2E8A0C2A81}
		{8634A2B4-5690-466F-9FF3-6A4300C0E367} = {8634A2B4-5690-466F-9FF3-6A4300C0E367}
		{E925CA9B-E6DB-4D36-BC82-2112BC2829FC} = {E925CA9B-E6DB-4D36-BC82-2112BC2829FC}
	EndProjectSection
EndProject
Global
	GlobalSection(SolutionConfigurationPlatforms) = preSolution
		Debug|Any CPU = Debug|Any CPU
		Debug|x64 = Debug|x64
		Debug|x86 = Debug|x86
		Release|Any CPU = Release|Any CPU
		Release|x64 = Release|x64
		Release|x86 = Release|x86
	EndGlobalSection
	GlobalSection(ProjectConfigurationPlatforms) = postSolution
		{6D38D56B-33B0-424C-A24D-EA0652C8DBFE}.Debug|Any CPU.ActiveCfg = Debug|Any CPU
		{6D38D56B-33B0-424C-A24D-EA0652C8DBFE}.Debug|Any CPU.Build.0 = Debug|Any CPU
		{6D38D56B-33B0-424C-A24D-EA0652C8DBFE}.Debug|x64.ActiveCfg = Debug|Any CPU
		{6D38D56B-33B0-424C-A24D-EA0652C8DBFE}.Debug|x64.Build.0 = Debug|Any CPU
		{6D38D56B-33B0-424C-A24D-EA0652C8DBFE}.Debug|x86.ActiveCfg = Debug|Any CPU
		{6D38D56B-33B0-424C-A24D-EA0652C8DBFE}.Debug|x86.Build.0 = Debug|Any CPU
		{6D38D56B-33B0-424C-A24D-EA0652C8DBFE}.Release|Any CPU.ActiveCfg = Release|Any CPU
		{6D38D56B-33B0-424C-A24D-EA0652C8DBFE}.Release|Any CPU.Build.0 = Release|Any CPU
		{6D38D56B-33B0-424C-A24D-EA0652C8DBFE}.Release|x64.ActiveCfg = Release|Any CPU
		{6D38D56B-33B0-424C-A24D-EA0652C8DBFE}.Release|x64.Build.0 = Release|Any CPU
		{6D38D56B-33B0-424C-A24D-EA0652C8DBFE}.Release|x86.ActiveCfg = Release|Any CPU
		{6D38D56B-33B0-424C-A24D-EA0652C8DBFE}.Release|x86.Build.0 = Release|Any CPU
		{F90D07BF-91C4-4C5C-AB3E-D425537AFC52}.Debug|Any CPU.ActiveCfg = Debug|Any CPU
		{F90D07BF-91C4-4C5C-AB3E-D425537AFC52}.Debug|Any CPU.Build.0 = Debug|Any CPU
		{F90D07BF-91C4-4C5C-AB3E-D425537AFC52}.Debug|x64.ActiveCfg = Debug|Any CPU
		{F90D07BF-91C4-4C5C-AB3E-D425537AFC52}.Debug|x64.Build.0 = Debug|Any CPU
		{F90D07BF-91C4-4C5C-AB3E-D425537AFC52}.Debug|x86.ActiveCfg = Debug|Any CPU
		{F90D07BF-91C4-4C5C-AB3E-D425537AFC52}.Debug|x86.Build.0 = Debug|Any CPU
		{F90D07BF-91C4-4C5C-AB3E-D425537AFC52}.Release|Any CPU.ActiveCfg = Release|Any CPU
		{F90D07BF-91C4-4C5C-AB3E-D425537AFC52}.Release|Any CPU.Build.0 = Release|Any CPU
		{F90D07BF-91C4-4C5C-AB3E-D425537AFC52}.Release|x64.ActiveCfg = Release|Any CPU
		{F90D07BF-91C4-4C5C-AB3E-D425537AFC52}.Release|x64.Build.0 = Release|Any CPU
		{F90D07BF-91C4-4C5C-AB3E-D425537AFC52}.Release|x86.ActiveCfg = Release|Any CPU
		{F90D07BF-91C4-4C5C-AB3E-D425537AFC52}.Release|x86.Build.0 = Release|Any CPU
		{0BD48B4F-2FE1-4E63-A0D6-DE3E733696AC}.Debug|Any CPU.ActiveCfg = Debug|Any CPU
		{0BD48B4F-2FE1-4E63-A0D6-DE3E733696AC}.Debug|Any CPU.Build.0 = Debug|Any CPU
		{0BD48B4F-2FE1-4E63-A0D6-DE3E733696AC}.Debug|x64.ActiveCfg = Debug|Any CPU
		{0BD48B4F-2FE1-4E63-A0D6-DE3E733696AC}.Debug|x64.Build.0 = Debug|Any CPU
		{0BD48B4F-2FE1-4E63-A0D6-DE3E733696AC}.Debug|x86.ActiveCfg = Debug|Any CPU
		{0BD48B4F-2FE1-4E63-A0D6-DE3E733696AC}.Debug|x86.Build.0 = Debug|Any CPU
		{0BD48B4F-2FE1-4E63-A0D6-DE3E733696AC}.Release|Any CPU.ActiveCfg = Release|Any CPU
		{0BD48B4F-2FE1-4E63-A0D6-DE3E733696AC}.Release|Any CPU.Build.0 = Release|Any CPU
		{0BD48B4F-2FE1-4E63-A0D6-DE3E733696AC}.Release|x64.ActiveCfg = Release|Any CPU
		{0BD48B4F-2FE1-4E63-A0D6-DE3E733696AC}.Release|x64.Build.0 = Release|Any CPU
		{0BD48B4F-2FE1-4E63-A0D6-DE3E733696AC}.Release|x86.ActiveCfg = Release|Any CPU
		{0BD48B4F-2FE1-4E63-A0D6-DE3E733696AC}.Release|x86.Build.0 = Release|Any CPU
		{8634A2B4-5690-466F-9FF3-6A4300C0E367}.Debug|Any CPU.ActiveCfg = Debug|Any CPU
		{8634A2B4-5690-466F-9FF3-6A4300C0E367}.Debug|Any CPU.Build.0 = Debug|Any CPU
		{8634A2B4-5690-466F-9FF3-6A4300C0E367}.Debug|x64.ActiveCfg = Debug|Any CPU
		{8634A2B4-5690-466F-9FF3-6A4300C0E367}.Debug|x64.Build.0 = Debug|Any CPU
		{8634A2B4-5690-466F-9FF3-6A4300C0E367}.Debug|x86.ActiveCfg = Debug|Any CPU
		{8634A2B4-5690-466F-9FF3-6A4300C0E367}.Debug|x86.Build.0 = Debug|Any CPU
		{8634A2B4-5690-466F-9FF3-6A4300C0E367}.Release|Any CPU.ActiveCfg = Release|Any CPU
		{8634A2B4-5690-466F-9FF3-6A4300C0E367}.Release|Any CPU.Build.0 = Release|Any CPU
		{8634A2B4-5690-466F-9FF3-6A4300C0E367}.Release|x64.ActiveCfg = Release|Any CPU
		{8634A2B4-5690-466F-9FF3-6A4300C0E367}.Release|x64.Build.0 = Release|Any CPU
		{8634A2B4-5690-466F-9FF3-6A4300C0E367}.Release|x86.ActiveCfg = Release|Any CPU
		{8634A2B4-5690-466F-9FF3-6A4300C0E367}.Release|x86.Build.0 = Release|Any CPU
		{E925CA9B-E6DB-4D36-BC82-2112BC2829FC}.Debug|Any CPU.ActiveCfg = Debug|Any CPU
		{E925CA9B-E6DB-4D36-BC82-2112BC2829FC}.Debug|Any CPU.Build.0 = Debug|Any CPU
		{E925CA9B-E6DB-4D36-BC82-2112BC2829FC}.Debug|x64.ActiveCfg = Debug|Any CPU
		{E925CA9B-E6DB-4D36-BC82-2112BC2829FC}.Debug|x64.Build.0 = Debug|Any CPU
		{E925CA9B-E6DB-4D36-BC82-2112BC2829FC}.Debug|x86.ActiveCfg = Debug|Any CPU
		{E925CA9B-E6DB-4D36-BC82-2112BC2829FC}.Debug|x86.Build.0 = Debug|Any CPU
		{E925CA9B-E6DB-4D36-BC82-2112BC2829FC}.Release|Any CPU.ActiveCfg = Release|Any CPU
		{E925CA9B-E6DB-4D36-BC82-2112BC2829FC}.Release|Any CPU.Build.0 = Release|Any CPU
		{E925CA9B-E6DB-4D36-BC82-2112BC2829FC}.Release|x64.ActiveCfg = Release|Any CPU
		{E925CA9B-E6DB-4D36-BC82-2112BC2829FC}.Release|x64.Build.0 = Release|Any CPU
		{E925CA9B-E6DB-4D36-BC82-2112BC2829FC}.Release|x86.ActiveCfg = Release|Any CPU
		{E925CA9B-E6DB-4D36-BC82-2112BC2829FC}.Release|x86.Build.0 = Release|Any CPU
		{A932005A-E4A0-442A-9CA6-09E184391B6F}.Debug|Any CPU.ActiveCfg = Debug|Any CPU
		{A932005A-E4A0-442A-9CA6-09E184391B6F}.Debug|Any CPU.Build.0 = Debug|Any CPU
		{A932005A-E4A0-442A-9CA6-09E184391B6F}.Debug|x64.ActiveCfg = Debug|Any CPU
		{A932005A-E4A0-442A-9CA6-09E184391B6F}.Debug|x64.Build.0 = Debug|Any CPU
		{A932005A-E4A0-442A-9CA6-09E184391B6F}.Debug|x86.ActiveCfg = Debug|Any CPU
		{A932005A-E4A0-442A-9CA6-09E184391B6F}.Debug|x86.Build.0 = Debug|Any CPU
		{A932005A-E4A0-442A-9CA6-09E184391B6F}.Release|Any CPU.ActiveCfg = Release|Any CPU
		{A932005A-E4A0-442A-9CA6-09E184391B6F}.Release|Any CPU.Build.0 = Release|Any CPU
		{A932005A-E4A0-442A-9CA6-09E184391B6F}.Release|x64.ActiveCfg = Release|Any CPU
		{A932005A-E4A0-442A-9CA6-09E184391B6F}.Release|x64.Build.0 = Release|Any CPU
		{A932005A-E4A0-442A-9CA6-09E184391B6F}.Release|x86.ActiveCfg = Release|Any CPU
		{A932005A-E4A0-442A-9CA6-09E184391B6F}.Release|x86.Build.0 = Release|Any CPU
		{7F1D3B28-5E5A-4FE0-8E77-5C2E8A0C2A81}.Debug|Any CPU.ActiveCfg = Debug|Any CPU
		{7F1D3B28-5E5A-4FE0-8E77-5C2E8A0C2A81}.Debug|Any CPU.Build.0 = Debug|Any CPU
		{7F1D3B28-5E5A-4FE0-8E77-5C2E8A0C2A81}.Debug|x64.ActiveCfg = Debug|Any CPU
		{7F1D3B28-5E5A-4FE0-8E77-5C2E8A0C2A81}.Debug|x64.Build.0 = Debug|Any CPU
		{7F1D3B28-5E5A-4FE0-8E77-5C2E8A0C2A81}.Debug|x86.ActiveCfg = Debug|Any CPU
		{7F1D3B28-5E5A-4FE0-8E77-5C2E8A0C2A81}.Debug|x86.Build.0 = Debug|Any CPU
		{7F1D3B28-5E5A-4FE0-8E77-5C2E8A0C2A81}.Release|Any CPU.ActiveCfg = Release|Any CPU
		{7F1D3B28-5E5A-4FE0-8E77-5C2E8A0C2A81}.Release|Any CPU.Build.0 = Release|Any CPU
		{7F1D3B28-5E5A-4FE0-8E77-5C2E8A0C2A81}.Release|x64.ActiveCfg = Release|Any CPU
		{7F1D3B28-5E5A-4FE0-8E77-5C2E8A0C2A81}.Release|x64.Build.0 = Release|Any CPU
		{7F1D3B28-5E5A-4FE0-8E77-5C2E8A0C2A81}.Release|x86.ActiveCfg = Release|Any CPU
		{7F1D3B28-5E5A-4FE0-8E77-5C2E8A0C2A81}.Release|x86.Build.0 = Release|Any CPU
		{B4A2E6D7-9F3C-4A8E-BC1D-2E5F7A0B3C9D}.Debug|Any CPU.ActiveCfg = Debug|Any CPU
		{B4A2E6D7-9F3C-4A8E-BC1D-2E5F7A0B3C9D}.Debug|Any CPU.Build.0 = Debug|Any CPU
		{B4A2E6D7-9F3C-4A8E-BC1D-2E5F7A0B3C9D}.Debug|x64.ActiveCfg = Debug|Any CPU
		{B4A2E6D7-9F3C-4A8E-BC1D-2E5F7A0B3C9D}.Debug|x64.Build.0 = Debug|Any CPU
		{B4A2E6D7-9F3C-4A8E-BC1D-2E5F7A0B3C9D}.Debug|x86.ActiveCfg = Debug|Any CPU
		{B4A2E6D7-9F3C-4A8E-BC1D-2E5F7A0B3C9D}.Debug|x86.Build.0 = Debug|Any CPU
		{B4A2E6D7-9F3C-4A8E-BC1D-2E5F7A0B3C9D}.Release|Any CPU.ActiveCfg = Release|Any CPU
		{B4A2E6D7-9F3C-4A8E-BC1D-2E5F7A0B3C9D}.Release|Any CPU.Build.0 = Release|Any CPU
		{B4A2E6D7-9F3C-4A8E-BC1D-2E5F7A0B3C9D}.Release|x64.ActiveCfg = Release|Any CPU
		{B4A2E6D7-9F3C-4A8E-BC1D-2E5F7A0B3C9D}.Release|x64.Build.0 = Release|Any CPU
		{B4A2E6D7-9F3C-4A8E-BC1D-2E5F7A0B3C9D}.Release|x86.ActiveCfg = Release|Any CPU
		{B4A2E6D7-9F3C-4A8E-BC1D-2E5F7A0B3C9D}.Release|x86.Build.0 = Release|Any CPU
	EndGlobalSection
	GlobalSection(SolutionProperties) = preSolution
		HideSolutionNode = FALSE
	EndGlobalSection
	GlobalSection(NestedProjects) = preSolution
		{6D38D56B-33B0-424C-A24D-EA0652C8DBFE} = {827E0CD3-B72D-47B6-A68D-7590B98EB39B}
		{F90D07BF-91C4-4C5C-AB3E-D425537AFC52} = {0AB3BF05-4346-4AA6-1389-037BE0695223}
		{0BD48B4F-2FE1-4E63-A0D6-DE3E733696AC} = {827E0CD3-B72D-47B6-A68D-7590B98EB39B}
		{8634A2B4-5690-466F-9FF3-6A4300C0E367} = {827E0CD3-B72D-47B6-A68D-7590B98EB39B}
		{E925CA9B-E6DB-4D36-BC82-2112BC2829FC} = {827E0CD3-B72D-47B6-A68D-7590B98EB39B}
		{A932005A-E4A0-442A-9CA6-09E184391B6F} = {827E0CD3-B72D-47B6-A68D-7590B98EB39B}
		{7F1D3B28-5E5A-4FE0-8E77-5C2E8A0C2A81} = {827E0CD3-B72D-47B6-A68D-7590B98EB39B}
		{B4A2E6D7-9F3C-4A8E-BC1D-2E5F7A0B3C9D} = {827E0CD3-B72D-47B6-A68D-7590B98EB39B}
	EndGlobalSection
	GlobalSection(ExtensibilityGlobals) = postSolution
		SolutionGuid = {B58ECDBC-55CB-4085-A3BA-437A9D444E7D}
	EndGlobalSection
EndGlobal
